// !$*UTF8*$!
{
	archiveVersion = 1;
	classes = {
	};
	objectVersion = 56;
	objects = {

/* Begin PBXBuildFile section */
		835EA7C02DCF9CD10001C584 /* MessageViewController.swift in Sources */ = {isa = PBXBuildFile; fileRef = 835EA7BF2DCF9CD10001C584 /* MessageViewController.swift */; };
		83D1FBB32DCF7F9F00C874FB /* AppDelegate.swift in Sources */ = {isa = PBXBuildFile; fileRef = 83D1FBB22DCF7F9F00C874FB /* AppDelegate.swift */; };
		83D1FBB52DCF7F9F00C874FB /* SceneDelegate.swift in Sources */ = {isa = PBXBuildFile; fileRef = 83D1FBB42DCF7F9F00C874FB /* SceneDelegate.swift */; };
		83D1FBB72DCF7F9F00C874FB /* ViewController.swift in Sources */ = {isa = PBXBuildFile; fileRef = 83D1FBB62DCF7F9F00C874FB /* ViewController.swift */; };
		83D1FBBA2DCF7F9F00C874FB /* Main.storyboard in Resources */ = {isa = PBXBuildFile; fileRef = 83D1FBB82DCF7F9F00C874FB /* Main.storyboard */; };
		83D1FBBD2DCF7F9F00C874FB /* quick_sms.xcdatamodeld in Sources */ = {isa = PBXBuildFile; fileRef = 83D1FBBB2DCF7F9F00C874FB /* quick_sms.xcdatamodeld */; };
		83D1FBBF2DCF7FA100C874FB /* Assets.xcassets in Resources */ = {isa = PBXBuildFile; fileRef = 83D1FBBE2DCF7FA100C874FB /* Assets.xcassets */; };
		83D1FBC22DCF7FA100C874FB /* LaunchScreen.storyboard in Resources */ = {isa = PBXBuildFile; fileRef = 83D1FBC02DCF7FA100C874FB /* LaunchScreen.storyboard */; };
/* End PBXBuildFile section */

/* Begin PBXFileReference section */
		835EA7BF2DCF9CD10001C584 /* MessageViewController.swift */ = {isa = PBXFileReference; lastKnownFileType = sourcecode.swift; name = MessageViewController.swift; path = quick_sms/MessageViewController.swift; sourceTree = "<group>"; };
		83D1FBAF2DCF7F9F00C874FB /* quick_sms.app */ = {isa = PBXFileReference; explicitFileType = wrapper.application; includeInIndex = 0; path = quick_sms.app; sourceTree = BUILT_PRODUCTS_DIR; };
		83D1FBB22DCF7F9F00C874FB /* AppDelegate.swift */ = {isa = PBXFileReference; lastKnownFileType = sourcecode.swift; path = AppDelegate.swift; sourceTree = "<group>"; };
		83D1FBB42DCF7F9F00C874FB /* SceneDelegate.swift */ = {isa = PBXFileReference; lastKnownFileType = sourcecode.swift; path = SceneDelegate.swift; sourceTree = "<group>"; };
		83D1FBB62DCF7F9F00C874FB /* ViewController.swift */ = {isa = PBXFileReference; lastKnownFileType = sourcecode.swift; path = ViewController.swift; sourceTree = "<group>"; };
		83D1FBB92DCF7F9F00C874FB /* Base */ = {isa = PBXFileReference; lastKnownFileType = file.storyboard; name = Base; path = Base.lproj/Main.storyboard; sourceTree = "<group>"; };
		83D1FBBC2DCF7F9F00C874FB /* quick_sms.xcdatamodel */ = {isa = PBXFileReference; lastKnownFileType = wrapper.xcdatamodel; path = quick_sms.xcdatamodel; sourceTree = "<group>"; };
		83D1FBBE2DCF7FA100C874FB /* Assets.xcassets */ = {isa = PBXFileReference; lastKnownFileType = folder.assetcatalog; path = Assets.xcassets; sourceTree = "<group>"; };
		83D1FBC12DCF7FA100C874FB /* Base */ = {isa = PBXFileReference; lastKnownFileType = file.storyboard; name = Base; path = Base.lproj/LaunchScreen.storyboard; sourceTree = "<group>"; };
		83D1FBC32DCF7FA100C874FB /* Info.plist */ = {isa = PBXFileReference; lastKnownFileType = text.plist.xml; path = Info.plist; sourceTree = "<group>"; };
/* End PBXFileReference section */

/* Begin PBXFrameworksBuildPhase section */
		83D1FBAC2DCF7F9F00C874FB /* Frameworks */ = {
			isa = PBXFrameworksBuildPhase;
			buildActionMask = 2147483647;
			files = (
			);
			runOnlyForDeploymentPostprocessing = 0;
		};
/* End PBXFrameworksBuildPhase section */

/* Begin PBXGroup section */
		83D1FBA62DCF7F9F00C874FB = {
			isa = PBXGroup;
			children = (
				835EA7BF2DCF9CD10001C584 /* MessageViewController.swift */,
				83D1FBB12DCF7F9F00C874FB /* quick_sms */,
				83D1FBB02DCF7F9F00C874FB /* Products */,
			);
			sourceTree = "<group>";
		};
		83D1FBB02DCF7F9F00C874FB /* Products */ = {
			isa = PBXGroup;
			children = (
				83D1FBAF2DCF7F9F00C874FB /* quick_sms.app */,
			);
			name = Products;
			sourceTree = "<group>";
		};
		83D1FBB12DCF7F9F00C874FB /* quick_sms */ = {
			isa = PBXGroup;
			children = (
				83D1FBB22DCF7F9F00C874FB /* AppDelegate.swift */,
				83D1FBB42DCF7F9F00C874FB /* SceneDelegate.swift */,
				83D1FBB62DCF7F9F00C874FB /* ViewController.swift */,
				83D1FBB82DCF7F9F00C874FB /* Main.storyboard */,
				83D1FBBE2DCF7FA100C874FB /* Assets.xcassets */,
				83D1FBC02DCF7FA100C874FB /* LaunchScreen.storyboard */,
				83D1FBC32DCF7FA100C874FB /* Info.plist */,
				83D1FBBB2DCF7F9F00C874FB /* quick_sms.xcdatamodeld */,
			);
			path = quick_sms;
			sourceTree = "<group>";
		};
/* End PBXGroup section */

/* Begin PBXNativeTarget section */
		83D1FBAE2DCF7F9F00C874FB /* quick_sms */ = {
			isa = PBXNativeTarget;
			buildConfigurationList = 83D1FBC62DCF7FA100C874FB /* Build configuration list for PBXNativeTarget "quick_sms" */;
			buildPhases = (
				83D1FBAB2DCF7F9F00C874FB /* Sources */,
				83D1FBAC2DCF7F9F00C874FB /* Frameworks */,
				83D1FBAD2DCF7F9F00C874FB /* Resources */,
			);
			buildRules = (
			);
			dependencies = (
			);
			name = quick_sms;
			productName = quick_sms;
			productReference = 83D1FBAF2DCF7F9F00C874FB /* quick_sms.app */;
			productType = "com.apple.product-type.application";
		};
/* End PBXNativeTarget section */

/* Begin PBXProject section */
		83D1FBA72DCF7F9F00C874FB /* Project object */ = {
			isa = PBXProject;
			attributes = {
				BuildIndependentTargetsInParallel = 1;
				LastSwiftUpdateCheck = 1420;
				LastUpgradeCheck = 1420;
				TargetAttributes = {
					83D1FBAE2DCF7F9F00C874FB = {
						CreatedOnToolsVersion = 14.2;
					};
				};
			};
			buildConfigurationList = 83D1FBAA2DCF7F9F00C874FB /* Build configuration list for PBXProject "quick_sms" */;
			compatibilityVersion = "Xcode 14.0";
			developmentRegion = en;
			hasScannedForEncodings = 0;
			knownRegions = (
				en,
				Base,
			);
			mainGroup = 83D1FBA62DCF7F9F00C874FB;
			productRefGroup = 83D1FBB02DCF7F9F00C874FB /* Products */;
			projectDirPath = "";
			projectRoot = "";
			targets = (
				83D1FBAE2DCF7F9F00C874FB /* quick_sms */,
			);
		};
/* End PBXProject section */

/* Begin PBXResourcesBuildPhase section */
		83D1FBAD2DCF7F9F00C874FB /* Resources */ = {
			isa = PBXResourcesBuildPhase;
			buildActionMask = 2147483647;
			files = (
				83D1FBC22DCF7FA100C874FB /* LaunchScreen.storyboard in Resources */,
				83D1FBBF2DCF7FA100C874FB /* Assets.xcassets in Resources */,
				83D1FBBA2DCF7F9F00C874FB /* Main.storyboard in Resources */,
			);
			runOnlyForDeploymentPostprocessing = 0;
		};
/* End PBXResourcesBuildPhase section */

/* Begin PBXSourcesBuildPhase section */
		83D1FBAB2DCF7F9F00C874FB /* Sources */ = {
			isa = PBXSourcesBuildPhase;
			buildActionMask = 2147483647;
			files = (
				83D1FBB72DCF7F9F00C874FB /* ViewController.swift in Sources */,
				83D1FBBD2DCF7F9F00C874FB /* quick_sms.xcdatamodeld in Sources */,
				83D1FBB32DCF7F9F00C874FB /* AppDelegate.swift in Sources */,
				83D1FBB52DCF7F9F00C874FB /* SceneDelegate.swift in Sources */,
				835EA7C02DCF9CD10001C584 /* MessageViewController.swift in Sources */,
			);
			runOnlyForDeploymentPostprocessing = 0;
		};
/* End PBXSourcesBuildPhase section */

/* Begin PBXVariantGroup section */
		83D1FBB82DCF7F9F00C874FB /* Main.storyboard */ = {
			isa = PBXVariantGroup;
			children = (
				83D1FBB92DCF7F9F00C874FB /* Base */,
			);
			name = Main.storyboard;
			sourceTree = "<group>";
		};
		83D1FBC02DCF7FA100C874FB /* LaunchScreen.storyboard */ = {
			isa = PBXVariantGroup;
			children = (
				83D1FBC12DCF7FA100C874FB /* Base */,
			);
			name = LaunchScreen.storyboard;
			sourceTree = "<group>";
		};
/* End PBXVariantGroup section */

/* Begin XCBuildConfiguration section */
		83D1FBC42DCF7FA100C874FB /* Debug */ = {
			isa = XCBuildConfiguration;
			buildSettings = {
				ALWAYS_SEARCH_USER_PATHS = NO;
				CLANG_ANALYZER_NONNULL = YES;
				CLANG_ANALYZER_NUMBER_OBJECT_CONVERSION = YES_AGGRESSIVE;
				CLANG_CXX_LANGUAGE_STANDARD = "gnu++20";
				CLANG_ENABLE_MODULES = YES;
				CLANG_ENABLE_OBJC_ARC = YES;
				CLANG_ENABLE_OBJC_WEAK = YES;
				CLANG_WARN_BLOCK_CAPTURE_AUTORELEASING = YES;
				CLANG_WARN_BOOL_CONVERSION = YES;
				CLANG_WARN_COMMA = YES;
				CLANG_WARN_CONSTANT_CONVERSION = YES;
				CLANG_WARN_DEPRECATED_OBJC_IMPLEMENTATIONS = YES;
				CLANG_WARN_DIRECT_OBJC_ISA_USAGE = YES_ERROR;
				CLANG_WARN_DOCUMENTATION_COMMENTS = YES;
				CLANG_WARN_EMPTY_BODY = YES;
				CLANG_WARN_ENUM_CONVERSION = YES;
				CLANG_WARN_INFINITE_RECURSION = YES;
				CLANG_WARN_INT_CONVERSION = YES;
				CLANG_WARN_NON_LITERAL_NULL_CONVERSION = YES;
				CLANG_WARN_OBJC_IMPLICIT_RETAIN_SELF = YES;
				CLANG_WARN_OBJC_LITERAL_CONVERSION = YES;
				CLANG_WARN_OBJC_ROOT_CLASS = YES_ERROR;
				CLANG_WARN_QUOTED_INCLUDE_IN_FRAMEWORK_HEADER = YES;
				CLANG_WARN_RANGE_LOOP_ANALYSIS = YES;
				CLANG_WARN_STRICT_PROTOTYPES = YES;
				CLANG_WARN_SUSPICIOUS_MOVE = YES;
				CLANG_WARN_UNGUARDED_AVAILABILITY = YES_AGGRESSIVE;
				CLANG_WARN_UNREACHABLE_CODE = YES;
				CLANG_WARN__DUPLICATE_METHOD_MATCH = YES;
				COPY_PHASE_STRIP = NO;
				DEBUG_INFORMATION_FORMAT = dwarf;
				ENABLE_STRICT_OBJC_MSGSEND = YES;
				ENABLE_TESTABILITY = YES;
				GCC_C_LANGUAGE_STANDARD = gnu11;
				GCC_DYNAMIC_NO_PIC = NO;
				GCC_NO_COMMON_BLOCKS = YES;
				GCC_OPTIMIZATION_LEVEL = 0;
				GCC_PREPROCESSOR_DEFINITIONS = (
					"DEBUG=1",
					"$(inherited)",
				);
				GCC_WARN_64_TO_32_BIT_CONVERSION = YES;
				GCC_WARN_ABOUT_RETURN_TYPE = YES_ERROR;
				GCC_WARN_UNDECLARED_SELECTOR = YES;
				GCC_WARN_UNINITIALIZED_AUTOS = YES_AGGRESSIVE;
				GCC_WARN_UNUSED_FUNCTION = YES;
				GCC_WARN_UNUSED_VARIABLE = YES;
				IPHONEOS_DEPLOYMENT_TARGET = 16.2;
				MTL_ENABLE_DEBUG_INFO = INCLUDE_SOURCE;
				MTL_FAST_MATH = YES;
				ONLY_ACTIVE_ARCH = YES;
				SDKROOT = iphoneos;
				SWIFT_ACTIVE_COMPILATION_CONDITIONS = DEBUG;
				SWIFT_OPTIMIZATION_LEVEL = "-Onone";
			};
			name = Debug;
		};
		83D1FBC52DCF7FA100C874FB /* Release */ = {
			isa = XCBuildConfiguration;
			buildSettings = {
				ALWAYS_SEARCH_USER_PATHS = NO;
				CLANG_ANALYZER_NONNULL = YES;
				CLANG_ANALYZER_NUMBER_OBJECT_CONVERSION = YES_AGGRESSIVE;
				CLANG_CXX_LANGUAGE_STANDARD = "gnu++20";
				CLANG_ENABLE_MODULES = YES;
				CLANG_ENABLE_OBJC_ARC = YES;
				CLANG_ENABLE_OBJC_WEAK = YES;
				CLANG_WARN_BLOCK_CAPTURE_AUTORELEASING = YES;
				CLANG_WARN_BOOL_CONVERSION = YES;
				CLANG_WARN_COMMA = YES;
				CLANG_WARN_CONSTANT_CONVERSION = YES;
				CLANG_WARN_DEPRECATED_OBJC_IMPLEMENTATIONS = YES;
				CLANG_WARN_DIRECT_OBJC_ISA_USAGE = YES_ERROR;
				CLANG_WARN_DOCUMENTATION_COMMENTS = YES;
				CLANG_WARN_EMPTY_BODY = YES;
				CLANG_WARN_ENUM_CONVERSION = YES;
				CLANG_WARN_INFINITE_RECURSION = YES;
				CLANG_WARN_INT_CONVERSION = YES;
				CLANG_WARN_NON_LITERAL_NULL_CONVERSION = YES;
				CLANG_WARN_OBJC_IMPLICIT_RETAIN_SELF = YES;
				CLANG_WARN_OBJC_LITERAL_CONVERSION = YES;
				CLANG_WARN_OBJC_ROOT_CLASS = YES_ERROR;
				CLANG_WARN_QUOTED_INCLUDE_IN_FRAMEWORK_HEADER = YES;
				CLANG_WARN_RANGE_LOOP_ANALYSIS = YES;
				CLANG_WARN_STRICT_PROTOTYPES = YES;
				CLANG_WARN_SUSPICIOUS_MOVE = YES;
				CLANG_WARN_UNGUARDED_AVAILABILITY = YES_AGGRESSIVE;
				CLANG_WARN_UNREACHABLE_CODE = YES;
				CLANG_WARN__DUPLICATE_METHOD_MATCH = YES;
				COPY_PHASE_STRIP = NO;
				DEBUG_INFORMATION_FORMAT = "dwarf-with-dsym";
				ENABLE_NS_ASSERTIONS = NO;
				ENABLE_STRICT_OBJC_MSGSEND = YES;
				GCC_C_LANGUAGE_STANDARD = gnu11;
				GCC_NO_COMMON_BLOCKS = YES;
				GCC_WARN_64_TO_32_BIT_CONVERSION = YES;
				GCC_WARN_ABOUT_RETURN_TYPE = YES_ERROR;
				GCC_WARN_UNDECLARED_SELECTOR = YES;
				GCC_WARN_UNINITIALIZED_AUTOS = YES_AGGRESSIVE;
				GCC_WARN_UNUSED_FUNCTION = YES;
				GCC_WARN_UNUSED_VARIABLE = YES;
				IPHONEOS_DEPLOYMENT_TARGET = 16.2;
				MTL_ENABLE_DEBUG_INFO = NO;
				MTL_FAST_MATH = YES;
				SDKROOT = iphoneos;
				SWIFT_COMPILATION_MODE = wholemodule;
				SWIFT_OPTIMIZATION_LEVEL = "-O";
				VALIDATE_PRODUCT = YES;
			};
			name = Release;
		};
		83D1FBC72DCF7FA100C874FB /* Debug */ = {
			isa = XCBuildConfiguration;
			buildSettings = {
				ASSETCATALOG_COMPILER_APPICON_NAME = AppIcon;
				ASSETCATALOG_COMPILER_GLOBAL_ACCENT_COLOR_NAME = AccentColor;
				CODE_SIGN_STYLE = Automatic;
				CURRENT_PROJECT_VERSION = 1;
				DEVELOPMENT_TEAM = U9H2BS9Z7H;
				GENERATE_INFOPLIST_FILE = YES;
				INFOPLIST_FILE = quick_sms/Info.plist;
				INFOPLIST_KEY_UIApplicationSupportsIndirectInputEvents = YES;
				INFOPLIST_KEY_UILaunchStoryboardName = LaunchScreen;
				INFOPLIST_KEY_UIMainStoryboardFile = Main;
				INFOPLIST_KEY_UISupportedInterfaceOrientations_iPad = "UIInterfaceOrientationPortrait UIInterfaceOrientationPortraitUpsideDown UIInterfaceOrientationLandscapeLeft UIInterfaceOrientationLandscapeRight";
				INFOPLIST_KEY_UISupportedInterfaceOrientations_iPhone = "UIInterfaceOrientationPortrait UIInterfaceOrientationLandscapeLeft UIInterfaceOrientationLandscapeRight";
				LD_RUNPATH_SEARCH_PATHS = (
					"$(inherited)",
					"@executable_path/Frameworks",
				);
				MARKETING_VERSION = 1.0;
				PRODUCT_BUNDLE_IDENTIFIER = "Ali-Gultan.quick-sms";
				PRODUCT_NAME = "$(TARGET_NAME)";
				SWIFT_EMIT_LOC_STRINGS = YES;
				SWIFT_VERSION = 5.0;
				TARGETED_DEVICE_FAMILY = "1,2";
			};
			name = Debug;
		};
		83D1FBC82DCF7FA100C874FB /* Release */ = {
			isa = XCBuildConfiguration;
			buildSettings = {
				ASSETCATALOG_COMPILER_APPICON_NAME = AppIcon;
				ASSETCATALOG_COMPILER_GLOBAL_ACCENT_COLOR_NAME = AccentColor;
				CODE_SIGN_STYLE = Automatic;
				CURRENT_PROJECT_VERSION = 1;
				DEVELOPMENT_TEAM = U9H2BS9Z7H;
				GENERATE_INFOPLIST_FILE = YES;
				INFOPLIST_FILE = quick_sms/Info.plist;
				INFOPLIST_KEY_UIApplicationSupportsIndirectInputEvents = YES;
				INFOPLIST_KEY_UILaunchStoryboardName = LaunchScreen;
				INFOPLIST_KEY_UIMainStoryboardFile = Main;
				INFOPLIST_KEY_UISupportedInterfaceOrientations_iPad = "UIInterfaceOrientationPortrait UIInterfaceOrientationPortraitUpsideDown UIInterfaceOrientationLandscapeLeft UIInterfaceOrientationLandscapeRight";
				INFOPLIST_KEY_UISupportedInterfaceOrientations_iPhone = "UIInterfaceOrientationPortrait UIInterfaceOrientationLandscapeLeft UIInterfaceOrientationLandscapeRight";
				LD_RUNPATH_SEARCH_PATHS = (
					"$(inherited)",
					"@executable_path/Frameworks",
				);
				MARKETING_VERSION = 1.0;
				PRODUCT_BUNDLE_IDENTIFIER = "Ali-Gultan.quick-sms";
				PRODUCT_NAME = "$(TARGET_NAME)";
				SWIFT_EMIT_LOC_STRINGS = YES;
				SWIFT_VERSION = 5.0;
				TARGETED_DEVICE_FAMILY = "1,2";
			};
			name = Release;
		};
/* End XCBuildConfiguration section */

/* Begin XCConfigurationList section */
		83D1FBAA2DCF7F9F00C874FB /* Build configuration list for PBXProject "quick_sms" */ = {
			isa = XCConfigurationList;
			buildConfigurations = (
				83D1FBC42DCF7FA100C874FB /* Debug */,
				83D1FBC52DCF7FA100C874FB /* Release */,
			);
			defaultConfigurationIsVisible = 0;
			defaultConfigurationName = Release;
		};
		83D1FBC62DCF7FA100C874FB /* Build configuration list for PBXNativeTarget "quick_sms" */ = {
			isa = XCConfigurationList;
			buildConfigurations = (
				83D1FBC72DCF7FA100C874FB /* Debug */,
				83D1FBC82DCF7FA100C874FB /* Release */,
			);
			defaultConfigurationIsVisible = 0;
			defaultConfigurationName = Release;
		};
/* End XCConfigurationList section */

/* Begin XCVersionGroup section */
		83D1FBBB2DCF7F9F00C874FB /* quick_sms.xcdatamodeld */ = {
			isa = XCVersionGroup;
			children = (
				83D1FBBC2DCF7F9F00C874FB /* quick_sms.xcdatamodel */,
			);
			currentVersion = 83D1FBBC2DCF7F9F00C874FB /* quick_sms.xcdatamodel */;
			path = quick_sms.xcdatamodeld;
			sourceTree = "<group>";
			versionGroupType = wrapper.xcdatamodel;
		};
/* End XCVersionGroup section */
	};
	rootObject = 83D1FBA72DCF7F9F00C874FB /* Project object */;
}
